github.com/davecgh/go-spew v1.1.1 h1:vj9j/u1bqnvCEfJOwUhtlOARqs3+rkHYY13jYWTU97c=
github.com/google/uuid v1.3.0 h1:t6JiXgmwXMjEs8VusXIJk2BXHsn+wx8BZdTaoZ5fu7I=
github.com/google/uuid v1.3.0/go.mod h1:TIyPZe4MgqvfeYDBFedMoGGpEw/LqOeaOT+nhxU+yHo=
github.com/ngicks/gommon v0.0.5 h1:5BUFgVjquWVNoiY6njQKZ6Gafozna3ffcfYuhys3mrQ=
github.com/ngicks/gommon v0.0.5/go.mod h1:QK845JnVLei726wHaXMolFUslDeZco2N8PsSv2v7rok=
github.com/ngicks/gommon/pkg/atomicstate v0.0.1 h1:lQ/0L9yTun3U1B9v+Dh3RrLAe+s3Ke8ZoM2VhMaDoBc=
github.com/ngicks/gommon/pkg/atomicstate v0.0.1/go.mod h1:yTzNFijXyJ5lB2gjD/r6muG3hEB8HIioQaO7Fy2Yf4k=
github.com/ngicks/gommon/pkg/common v0.0.1 h1:/tYSJSd/B9w3sycBAB3Jj00ks0DdNBCr+bLXZ4NGgT8=
github.com/ngicks/gommon/pkg/common v0.0.1/go.mod h1:cOK3mkJaG6SXytBTP5tE2iAXj9idOvXyQxgtvuDb2Ic=
github.com/ngicks/type-param-common v0.0.17 h1:8F1NIfOPGQZj0iC3tabzR8YPXLT2TmcsfY7hBB2WBUc=
github.com/ngicks/type-param-common v0.0.17/go.mod h1:0G7u69ThuvB3wRVxPYeO8U5sOghr8xFalZPquIm7KJI=
github.com/pmezard/go-difflib v1.0.0 h1:4DBwDE0NGyQoBHbLQYPwSUPoCMWR5BEzIk/f1lZbAQM=
github.com/stretchr/testify v1.8.0 h1:pSgiaMZlXftHpm5L7V1+rVB+AZJydKsMxsQBIJw4PKk=
golang.org/x/exp v0.0.0-20220613132600-b0d781184e0d h1:vtUKgx8dahOomfFzLREU8nSv25YHnTgLBn4rDnWZdU0=
golang.org/x/exp v0.0.0-20220613132600-b0d781184e0d/go.mod h1:Kr81I6Kryrl9sr8s2FK3vxD90NdsKWRuOIl2O4CvYbA=
gopkg.in/yaml.v3 v3.0.1 h1:fxVm/GzAzEWqLHuvctI91KS9hhNmmWOoWu0XTYJS7CA=
